
Microsoft Visual Studio Solution File, Format Version 12.00
# Visual Studio Version 17
VisualStudioVersion = 17.14.36623.8 d17.14
MinimumVisualStudioVersion = 10.0.40219.1
Project("{8BC9CEB8-8B4A-11D0-8D11-00A0C91BC942}") = "Projet_POO_Jeu_de_la_vie", "Projet_POO_Jeu_de_la_vie.vcxproj", "{2ABDC360-0259-40DA-A1CF-550F8500CC2E}"
EndProject
Global
	GlobalSection(SolutionConfigurationPlatforms) = preSolution
		Debug|x64 = Debug|x64
		Debug|x86 = Debug|x86
		Release|x64 = Release|x64
		Release|x86 = Release|x86
	EndGlobalSection
	GlobalSection(ProjectConfigurationPlatforms) = postSolution
		{2ABDC360-0259-40DA-A1CF-550F8500CC2E}.Debug|x64.ActiveCfg = Debug|x64
		{2ABDC360-0259-40DA-A1CF-550F8500CC2E}.Debug|x64.Build.0 = Debug|x64
		{2ABDC360-0259-40DA-A1CF-550F8500CC2E}.Debug|x86.ActiveCfg = Debug|Win32
		{2ABDC360-0259-40DA-A1CF-550F8500CC2E}.Debug|x86.Build.0 = Debug|Win32
		{2ABDC360-0259-40DA-A1CF-550F8500CC2E}.Release|x64.ActiveCfg = Release|x64
		{2ABDC360-0259-40DA-A1CF-550F8500CC2E}.Release|x64.Build.0 = Release|x64
		{2ABDC360-0259-40DA-A1CF-550F8500CC2E}.Release|x86.ActiveCfg = Release|Win32
		{2ABDC360-0259-40DA-A1CF-550F8500CC2E}.Release|x86.Build.0 = Release|Win32
	EndGlobalSection
	GlobalSection(SolutionProperties) = preSolution
		HideSolutionNode = FALSE
	EndGlobalSection
	GlobalSection(ExtensibilityGlobals) = postSolution
		SolutionGuid = {7433E5F8-3509-4F65-96A3-F0DE4F0172FF}
	EndGlobalSection
EndGlobal
